// !$*UTF8*$!
{
	archiveVersion = 1;
	classes = {
	};
	objectVersion = 46;
	objects = {

/* Begin PBXBuildFile section */
		4334D6F71C20C8DD00D2DCA6 /* AppDelegate.swift in Sources */ = {isa = PBXBuildFile; fileRef = 4334D6F61C20C8DD00D2DCA6 /* AppDelegate.swift */; };
		4334D6F91C20C8DD00D2DCA6 /* ViewController.swift in Sources */ = {isa = PBXBuildFile; fileRef = 4334D6F81C20C8DD00D2DCA6 /* ViewController.swift */; };
		4334D6FC1C20C8DD00D2DCA6 /* Main.storyboard in Resources */ = {isa = PBXBuildFile; fileRef = 4334D6FA1C20C8DD00D2DCA6 /* Main.storyboard */; };
		4334D6FE1C20C8DD00D2DCA6 /* Assets.xcassets in Resources */ = {isa = PBXBuildFile; fileRef = 4334D6FD1C20C8DD00D2DCA6 /* Assets.xcassets */; };
		4334D7011C20C8DD00D2DCA6 /* LaunchScreen.storyboard in Resources */ = {isa = PBXBuildFile; fileRef = 4334D6FF1C20C8DD00D2DCA6 /* LaunchScreen.storyboard */; };
		43551C071C20CCC400C74064 /* Alamofire.framework in Frameworks */ = {isa = PBXBuildFile; fileRef = 43551C061C20CCC400C74064 /* Alamofire.framework */; };
		43551C091C20CCC700C74064 /* SwiftyJSON.framework in Frameworks */ = {isa = PBXBuildFile; fileRef = 43551C081C20CCC700C74064 /* SwiftyJSON.framework */; };
		43551C0B1C20CCE700C74064 /* TwitterService.swift in Sources */ = {isa = PBXBuildFile; fileRef = 43551C0A1C20CCE700C74064 /* TwitterService.swift */; };
		43551C0D1C20CD1A00C74064 /* TwitterServiceSpec.swift in Sources */ = {isa = PBXBuildFile; fileRef = 43551C0C1C20CD1A00C74064 /* TwitterServiceSpec.swift */; };
		43551C111C20D25D00C74064 /* Nimble.framework in Frameworks */ = {isa = PBXBuildFile; fileRef = 43551C0F1C20D25D00C74064 /* Nimble.framework */; };
		43551C121C20D25D00C74064 /* Quick.framework in Frameworks */ = {isa = PBXBuildFile; fileRef = 43551C101C20D25D00C74064 /* Quick.framework */; };
/* End PBXBuildFile section */

/* Begin PBXContainerItemProxy section */
		43551BF31C20CC8C00C74064 /* PBXContainerItemProxy */ = {
			isa = PBXContainerItemProxy;
			containerPortal = 4334D6EB1C20C8DD00D2DCA6 /* Project object */;
			proxyType = 1;
			remoteGlobalIDString = 4334D6F21C20C8DD00D2DCA6;
			remoteInfo = TopcoderTweetTicker;
		};
/* End PBXContainerItemProxy section */

/* Begin PBXFileReference section */
		4334D6F31C20C8DD00D2DCA6 /* TopcoderTweetTicker.app */ = {isa = PBXFileReference; explicitFileType = wrapper.application; includeInIndex = 0; path = TopcoderTweetTicker.app; sourceTree = BUILT_PRODUCTS_DIR; };
		4334D6F61C20C8DD00D2DCA6 /* AppDelegate.swift */ = {isa = PBXFileReference; lastKnownFileType = sourcecode.swift; path = AppDelegate.swift; sourceTree = "<group>"; };
		4334D6F81C20C8DD00D2DCA6 /* ViewController.swift */ = {isa = PBXFileReference; lastKnownFileType = sourcecode.swift; path = ViewController.swift; sourceTree = "<group>"; };
		4334D6FB1C20C8DD00D2DCA6 /* Base */ = {isa = PBXFileReference; lastKnownFileType = file.storyboard; name = Base; path = Base.lproj/Main.storyboard; sourceTree = "<group>"; };
		4334D6FD1C20C8DD00D2DCA6 /* Assets.xcassets */ = {isa = PBXFileReference; lastKnownFileType = folder.assetcatalog; path = Assets.xcassets; sourceTree = "<group>"; };
		4334D7001C20C8DD00D2DCA6 /* Base */ = {isa = PBXFileReference; lastKnownFileType = file.storyboard; name = Base; path = Base.lproj/LaunchScreen.storyboard; sourceTree = "<group>"; };
		4334D7021C20C8DD00D2DCA6 /* Info.plist */ = {isa = PBXFileReference; lastKnownFileType = text.plist.xml; path = Info.plist; sourceTree = "<group>"; };
		43551BEE1C20CC8C00C74064 /* TopcoderTweetTickerTests.xctest */ = {isa = PBXFileReference; explicitFileType = wrapper.cfbundle; includeInIndex = 0; path = TopcoderTweetTickerTests.xctest; sourceTree = BUILT_PRODUCTS_DIR; };
		43551BF21C20CC8C00C74064 /* Info.plist */ = {isa = PBXFileReference; lastKnownFileType = text.plist.xml; path = Info.plist; sourceTree = "<group>"; };
		43551C061C20CCC400C74064 /* Alamofire.framework */ = {isa = PBXFileReference; lastKnownFileType = wrapper.framework; name = Alamofire.framework; path = Carthage/Build/iOS/Alamofire.framework; sourceTree = "<group>"; };
		43551C081C20CCC700C74064 /* SwiftyJSON.framework */ = {isa = PBXFileReference; lastKnownFileType = wrapper.framework; name = SwiftyJSON.framework; path = Carthage/Build/iOS/SwiftyJSON.framework; sourceTree = "<group>"; };
		43551C0A1C20CCE700C74064 /* TwitterService.swift */ = {isa = PBXFileReference; fileEncoding = 4; lastKnownFileType = sourcecode.swift; path = TwitterService.swift; sourceTree = "<group>"; };
		43551C0C1C20CD1A00C74064 /* TwitterServiceSpec.swift */ = {isa = PBXFileReference; fileEncoding = 4; lastKnownFileType = sourcecode.swift; path = TwitterServiceSpec.swift; sourceTree = "<group>"; };
		43551C0F1C20D25D00C74064 /* Nimble.framework */ = {isa = PBXFileReference; lastKnownFileType = wrapper.framework; name = Nimble.framework; path = Carthage/Build/iOS/Nimble.framework; sourceTree = "<group>"; };
		43551C101C20D25D00C74064 /* Quick.framework */ = {isa = PBXFileReference; lastKnownFileType = wrapper.framework; name = Quick.framework; path = Carthage/Build/iOS/Quick.framework; sourceTree = "<group>"; };
/* End PBXFileReference section */

/* Begin PBXFrameworksBuildPhase section */
		4334D6F01C20C8DD00D2DCA6 /* Frameworks */ = {
			isa = PBXFrameworksBuildPhase;
			buildActionMask = 2147483647;
			files = (
				43551C071C20CCC400C74064 /* Alamofire.framework in Frameworks */,
				43551C091C20CCC700C74064 /* SwiftyJSON.framework in Frameworks */,
			);
			runOnlyForDeploymentPostprocessing = 0;
		};
		43551BEB1C20CC8C00C74064 /* Frameworks */ = {
			isa = PBXFrameworksBuildPhase;
			buildActionMask = 2147483647;
			files = (
				43551C111C20D25D00C74064 /* Nimble.framework in Frameworks */,
				43551C121C20D25D00C74064 /* Quick.framework in Frameworks */,
			);
			runOnlyForDeploymentPostprocessing = 0;
		};
/* End PBXFrameworksBuildPhase section */

/* Begin PBXGroup section */
		4334D6EA1C20C8DD00D2DCA6 = {
			isa = PBXGroup;
			children = (
				43551C0F1C20D25D00C74064 /* Nimble.framework */,
				43551C101C20D25D00C74064 /* Quick.framework */,
				43551C081C20CCC700C74064 /* SwiftyJSON.framework */,
				43551C061C20CCC400C74064 /* Alamofire.framework */,
				4334D6F51C20C8DD00D2DCA6 /* TopcoderTweetTicker */,
				43551BEF1C20CC8C00C74064 /* TopcoderTweetTickerTests */,
				4334D6F41C20C8DD00D2DCA6 /* Products */,
			);
			sourceTree = "<group>";
		};
		4334D6F41C20C8DD00D2DCA6 /* Products */ = {
			isa = PBXGroup;
			children = (
				4334D6F31C20C8DD00D2DCA6 /* TopcoderTweetTicker.app */,
				43551BEE1C20CC8C00C74064 /* TopcoderTweetTickerTests.xctest */,
			);
			name = Products;
			sourceTree = "<group>";
		};
		4334D6F51C20C8DD00D2DCA6 /* TopcoderTweetTicker */ = {
			isa = PBXGroup;
			children = (
				4334D6F61C20C8DD00D2DCA6 /* AppDelegate.swift */,
				4334D6F81C20C8DD00D2DCA6 /* ViewController.swift */,
				4334D6FA1C20C8DD00D2DCA6 /* Main.storyboard */,
				4334D6FD1C20C8DD00D2DCA6 /* Assets.xcassets */,
				4334D6FF1C20C8DD00D2DCA6 /* LaunchScreen.storyboard */,
				4334D7021C20C8DD00D2DCA6 /* Info.plist */,
				43551C0A1C20CCE700C74064 /* TwitterService.swift */,
			);
			path = TopcoderTweetTicker;
			sourceTree = "<group>";
		};
		43551BEF1C20CC8C00C74064 /* TopcoderTweetTickerTests */ = {
			isa = PBXGroup;
			children = (
				43551C0C1C20CD1A00C74064 /* TwitterServiceSpec.swift */,
				43551BF21C20CC8C00C74064 /* Info.plist */,
			);
			path = TopcoderTweetTickerTests;
			sourceTree = "<group>";
		};
/* End PBXGroup section */

/* Begin PBXNativeTarget section */
		4334D6F21C20C8DD00D2DCA6 /* TopcoderTweetTicker */ = {
			isa = PBXNativeTarget;
			buildConfigurationList = 4334D7051C20C8DD00D2DCA6 /* Build configuration list for PBXNativeTarget "TopcoderTweetTicker" */;
			buildPhases = (
				4334D6EF1C20C8DD00D2DCA6 /* Sources */,
				4334D6F01C20C8DD00D2DCA6 /* Frameworks */,
				4334D6F11C20C8DD00D2DCA6 /* Resources */,
				43551C0E1C20D0B800C74064 /* Copy Carthage Frameworks */,
			);
			buildRules = (
			);
			dependencies = (
			);
			name = TopcoderTweetTicker;
			productName = TopcoderTweetTicker;
			productReference = 4334D6F31C20C8DD00D2DCA6 /* TopcoderTweetTicker.app */;
			productType = "com.apple.product-type.application";
		};
		43551BED1C20CC8C00C74064 /* TopcoderTweetTickerTests */ = {
			isa = PBXNativeTarget;
			buildConfigurationList = 43551BF71C20CC8C00C74064 /* Build configuration list for PBXNativeTarget "TopcoderTweetTickerTests" */;
			buildPhases = (
				43551BEA1C20CC8C00C74064 /* Sources */,
				43551BEB1C20CC8C00C74064 /* Frameworks */,
				43551BEC1C20CC8C00C74064 /* Resources */,
				43551C141C20D26D00C74064 /* Copy Carthage Frameworks */,
			);
			buildRules = (
			);
			dependencies = (
				43551BF41C20CC8C00C74064 /* PBXTargetDependency */,
			);
			name = TopcoderTweetTickerTests;
			productName = TopcoderTweetTickerTests;
			productReference = 43551BEE1C20CC8C00C74064 /* TopcoderTweetTickerTests.xctest */;
			productType = "com.apple.product-type.bundle.unit-test";
		};
/* End PBXNativeTarget section */

/* Begin PBXProject section */
		4334D6EB1C20C8DD00D2DCA6 /* Project object */ = {
			isa = PBXProject;
			attributes = {
				LastSwiftUpdateCheck = 0720;
				LastUpgradeCheck = 0720;
				ORGANIZATIONNAME = dcunit3d;
				TargetAttributes = {
					4334D6F21C20C8DD00D2DCA6 = {
						CreatedOnToolsVersion = 7.2;
					};
					43551BED1C20CC8C00C74064 = {
						CreatedOnToolsVersion = 7.2;
						TestTargetID = 4334D6F21C20C8DD00D2DCA6;
					};
				};
			};
			buildConfigurationList = 4334D6EE1C20C8DD00D2DCA6 /* Build configuration list for PBXProject "TopcoderTweetTicker" */;
			compatibilityVersion = "Xcode 3.2";
			developmentRegion = English;
			hasScannedForEncodings = 0;
			knownRegions = (
				en,
				Base,
			);
			mainGroup = 4334D6EA1C20C8DD00D2DCA6;
			productRefGroup = 4334D6F41C20C8DD00D2DCA6 /* Products */;
			projectDirPath = "";
			projectRoot = "";
			targets = (
				4334D6F21C20C8DD00D2DCA6 /* TopcoderTweetTicker */,
				43551BED1C20CC8C00C74064 /* TopcoderTweetTickerTests */,
			);
		};
/* End PBXProject section */

/* Begin PBXResourcesBuildPhase section */
		4334D6F11C20C8DD00D2DCA6 /* Resources */ = {
			isa = PBXResourcesBuildPhase;
			buildActionMask = 2147483647;
			files = (
				4334D7011C20C8DD00D2DCA6 /* LaunchScreen.storyboard in Resources */,
				4334D6FE1C20C8DD00D2DCA6 /* Assets.xcassets in Resources */,
				4334D6FC1C20C8DD00D2DCA6 /* Main.storyboard in Resources */,
			);
			runOnlyForDeploymentPostprocessing = 0;
		};
		43551BEC1C20CC8C00C74064 /* Resources */ = {
			isa = PBXResourcesBuildPhase;
			buildActionMask = 2147483647;
			files = (
			);
			runOnlyForDeploymentPostprocessing = 0;
		};
/* End PBXResourcesBuildPhase section */

/* Begin PBXShellScriptBuildPhase section */
		43551C0E1C20D0B800C74064 /* Copy Carthage Frameworks */ = {
			isa = PBXShellScriptBuildPhase;
			buildActionMask = 2147483647;
			files = (
			);
			inputPaths = (
				"$(SRCROOT)/Carthage/Build/iOS/Alamofire.framework",
				"$(SRCROOT)/Carthage/Build/iOS/SwiftyJSON.framework",
			);
			name = "Copy Carthage Frameworks";
			outputPaths = (
			);
			runOnlyForDeploymentPostprocessing = 0;
			shellPath = "/usr/local/bin/carthage copy-frameworks";
			shellScript = "";
		};
		43551C141C20D26D00C74064 /* Copy Carthage Frameworks */ = {
			isa = PBXShellScriptBuildPhase;
			buildActionMask = 2147483647;
			files = (
			);
			inputPaths = (
				"$(SRCROOT)/Carthage/Build/iOS/Quick.framework",
				"$(SRCROOT)/Carthage/Build/iOS/Nimble.framework",
			);
			name = "Copy Carthage Frameworks";
			outputPaths = (
			);
			runOnlyForDeploymentPostprocessing = 0;
			shellPath = "/usr/local/bin/carthage copy-frameworks";
			shellScript = "";
		};
/* End PBXShellScriptBuildPhase section */

/* Begin PBXSourcesBuildPhase section */
		4334D6EF1C20C8DD00D2DCA6 /* Sources */ = {
			isa = PBXSourcesBuildPhase;
			buildActionMask = 2147483647;
			files = (
				4334D6F91C20C8DD00D2DCA6 /* ViewController.swift in Sources */,
				4334D6F71C20C8DD00D2DCA6 /* AppDelegate.swift in Sources */,
				43551C0B1C20CCE700C74064 /* TwitterService.swift in Sources */,
			);
			runOnlyForDeploymentPostprocessing = 0;
		};
		43551BEA1C20CC8C00C74064 /* Sources */ = {
			isa = PBXSourcesBuildPhase;
			buildActionMask = 2147483647;
			files = (
				43551C0D1C20CD1A00C74064 /* TwitterServiceSpec.swift in Sources */,
			);
			runOnlyForDeploymentPostprocessing = 0;
		};
/* End PBXSourcesBuildPhase section */

/* Begin PBXTargetDependency section */
		43551BF41C20CC8C00C74064 /* PBXTargetDependency */ = {
			isa = PBXTargetDependency;
			target = 4334D6F21C20C8DD00D2DCA6 /* TopcoderTweetTicker */;
			targetProxy = 43551BF31C20CC8C00C74064 /* PBXContainerItemProxy */;
		};
/* End PBXTargetDependency section */

/* Begin PBXVariantGroup section */
		4334D6FA1C20C8DD00D2DCA6 /* Main.storyboard */ = {
			isa = PBXVariantGroup;
			children = (
				4334D6FB1C20C8DD00D2DCA6 /* Base */,
			);
			name = Main.storyboard;
			sourceTree = "<group>";
		};
		4334D6FF1C20C8DD00D2DCA6 /* LaunchScreen.storyboard */ = {
			isa = PBXVariantGroup;
			children = (
				4334D7001C20C8DD00D2DCA6 /* Base */,
			);
			name = LaunchScreen.storyboard;
			sourceTree = "<group>";
		};
/* End PBXVariantGroup section */

/* Begin XCBuildConfiguration section */
		4334D7031C20C8DD00D2DCA6 /* Debug */ = {
			isa = XCBuildConfiguration;
			buildSettings = {
				ALWAYS_SEARCH_USER_PATHS = NO;
				CLANG_CXX_LANGUAGE_STANDARD = "gnu++0x";
				CLANG_CXX_LIBRARY = "libc++";
				CLANG_ENABLE_MODULES = YES;
				CLANG_ENABLE_OBJC_ARC = YES;
				CLANG_WARN_BOOL_CONVERSION = YES;
				CLANG_WARN_CONSTANT_CONVERSION = YES;
				CLANG_WARN_DIRECT_OBJC_ISA_USAGE = YES_ERROR;
				CLANG_WARN_EMPTY_BODY = YES;
				CLANG_WARN_ENUM_CONVERSION = YES;
				CLANG_WARN_INT_CONVERSION = YES;
				CLANG_WARN_OBJC_ROOT_CLASS = YES_ERROR;
				CLANG_WARN_UNREACHABLE_CODE = YES;
				CLANG_WARN__DUPLICATE_METHOD_MATCH = YES;
				"CODE_SIGN_IDENTITY[sdk=iphoneos*]" = "iPhone Developer";
				COPY_PHASE_STRIP = NO;
				DEBUG_INFORMATION_FORMAT = dwarf;
				ENABLE_STRICT_OBJC_MSGSEND = YES;
				ENABLE_TESTABILITY = YES;
				GCC_C_LANGUAGE_STANDARD = gnu99;
				GCC_DYNAMIC_NO_PIC = NO;
				GCC_NO_COMMON_BLOCKS = YES;
				GCC_OPTIMIZATION_LEVEL = 0;
				GCC_PREPROCESSOR_DEFINITIONS = (
					"DEBUG=1",
					"$(inherited)",
				);
				GCC_WARN_64_TO_32_BIT_CONVERSION = YES;
				GCC_WARN_ABOUT_RETURN_TYPE = YES_ERROR;
				GCC_WARN_UNDECLARED_SELECTOR = YES;
				GCC_WARN_UNINITIALIZED_AUTOS = YES_AGGRESSIVE;
				GCC_WARN_UNUSED_FUNCTION = YES;
				GCC_WARN_UNUSED_VARIABLE = YES;
				IPHONEOS_DEPLOYMENT_TARGET = 9.2;
				MTL_ENABLE_DEBUG_INFO = YES;
				ONLY_ACTIVE_ARCH = YES;
				SDKROOT = iphoneos;
				SWIFT_OPTIMIZATION_LEVEL = "-Onone";
				TARGETED_DEVICE_FAMILY = "1,2";
			};
			name = Debug;
		};
		4334D7041C20C8DD00D2DCA6 /* Release */ = {
			isa = XCBuildConfiguration;
			buildSettings = {
				ALWAYS_SEARCH_USER_PATHS = NO;
				CLANG_CXX_LANGUAGE_STANDARD = "gnu++0x";
				CLANG_CXX_LIBRARY = "libc++";
				CLANG_ENABLE_MODULES = YES;
				CLANG_ENABLE_OBJC_ARC = YES;
				CLANG_WARN_BOOL_CONVERSION = YES;
				CLANG_WARN_CONSTANT_CONVERSION = YES;
				CLANG_WARN_DIRECT_OBJC_ISA_USAGE = YES_ERROR;
				CLANG_WARN_EMPTY_BODY = YES;
				CLANG_WARN_ENUM_CONVERSION = YES;
				CLANG_WARN_INT_CONVERSION = YES;
				CLANG_WARN_OBJC_ROOT_CLASS = YES_ERROR;
				CLANG_WARN_UNREACHABLE_CODE = YES;
				CLANG_WARN__DUPLICATE_METHOD_MATCH = YES;
				"CODE_SIGN_IDENTITY[sdk=iphoneos*]" = "iPhone Developer";
				COPY_PHASE_STRIP = NO;
				DEBUG_INFORMATION_FORMAT = "dwarf-with-dsym";
				ENABLE_NS_ASSERTIONS = NO;
				ENABLE_STRICT_OBJC_MSGSEND = YES;
				GCC_C_LANGUAGE_STANDARD = gnu99;
				GCC_NO_COMMON_BLOCKS = YES;
				GCC_WARN_64_TO_32_BIT_CONVERSION = YES;
				GCC_WARN_ABOUT_RETURN_TYPE = YES_ERROR;
				GCC_WARN_UNDECLARED_SELECTOR = YES;
				GCC_WARN_UNINITIALIZED_AUTOS = YES_AGGRESSIVE;
				GCC_WARN_UNUSED_FUNCTION = YES;
				GCC_WARN_UNUSED_VARIABLE = YES;
				IPHONEOS_DEPLOYMENT_TARGET = 9.2;
				MTL_ENABLE_DEBUG_INFO = NO;
				SDKROOT = iphoneos;
				TARGETED_DEVICE_FAMILY = "1,2";
				VALIDATE_PRODUCT = YES;
			};
			name = Release;
		};
		4334D7061C20C8DD00D2DCA6 /* Debug */ = {
			isa = XCBuildConfiguration;
			buildSettings = {
				ASSETCATALOG_COMPILER_APPICON_NAME = AppIcon;
				FRAMEWORK_SEARCH_PATHS = (
					"$(inherited)",
					"$(PROJECT_DIR)/Carthage/Build/iOS",
				);
				INFOPLIST_FILE = TopcoderTweetTicker/Info.plist;
				LD_RUNPATH_SEARCH_PATHS = "$(inherited) @executable_path/Frameworks";
				PRODUCT_BUNDLE_IDENTIFIER = com.dcunit3d.TopcoderTweetTicker;
				PRODUCT_NAME = "$(TARGET_NAME)";
			};
			name = Debug;
		};
		4334D7071C20C8DD00D2DCA6 /* Release */ = {
			isa = XCBuildConfiguration;
			buildSettings = {
				ASSETCATALOG_COMPILER_APPICON_NAME = AppIcon;
				FRAMEWORK_SEARCH_PATHS = (
					"$(inherited)",
					"$(PROJECT_DIR)/Carthage/Build/iOS",
				);
				INFOPLIST_FILE = TopcoderTweetTicker/Info.plist;
				LD_RUNPATH_SEARCH_PATHS = "$(inherited) @executable_path/Frameworks";
				PRODUCT_BUNDLE_IDENTIFIER = com.dcunit3d.TopcoderTweetTicker;
				PRODUCT_NAME = "$(TARGET_NAME)";
			};
			name = Release;
		};
		43551BF51C20CC8C00C74064 /* Debug */ = {
			isa = XCBuildConfiguration;
			buildSettings = {
				BUNDLE_LOADER = "$(TEST_HOST)";
				FRAMEWORK_SEARCH_PATHS = (
					"$(inherited)",
					"$(PROJECT_DIR)/Carthage/Build/iOS",
				);
				INFOPLIST_FILE = TopcoderTweetTickerTests/Info.plist;
				LD_RUNPATH_SEARCH_PATHS = "$(inherited) @executable_path/Frameworks @loader_path/Frameworks";
				PRODUCT_BUNDLE_IDENTIFIER = com.dcunit3d.TopcoderTweetTickerTests;
				PRODUCT_NAME = "$(TARGET_NAME)";
				TEST_HOST = "$(BUILT_PRODUCTS_DIR)/TopcoderTweetTicker.app/TopcoderTweetTicker";
			};
			name = Debug;
		};
		43551BF61C20CC8C00C74064 /* Release */ = {
			isa = XCBuildConfiguration;
			buildSettings = {
				BUNDLE_LOADER = "$(TEST_HOST)";
				FRAMEWORK_SEARCH_PATHS = (
					"$(inherited)",
					"$(PROJECT_DIR)/Carthage/Build/iOS",
				);
				INFOPLIST_FILE = TopcoderTweetTickerTests/Info.plist;
				LD_RUNPATH_SEARCH_PATHS = "$(inherited) @executable_path/Frameworks @loader_path/Frameworks";
				PRODUCT_BUNDLE_IDENTIFIER = com.dcunit3d.TopcoderTweetTickerTests;
				PRODUCT_NAME = "$(TARGET_NAME)";
				TEST_HOST = "$(BUILT_PRODUCTS_DIR)/TopcoderTweetTicker.app/TopcoderTweetTicker";
			};
			name = Release;
		};
/* End XCBuildConfiguration section */

/* Begin XCConfigurationList section */
		4334D6EE1C20C8DD00D2DCA6 /* Build configuration list for PBXProject "TopcoderTweetTicker" */ = {
			isa = XCConfigurationList;
			buildConfigurations = (
				4334D7031C20C8DD00D2DCA6 /* Debug */,
				4334D7041C20C8DD00D2DCA6 /* Release */,
			);
			defaultConfigurationIsVisible = 0;
			defaultConfigurationName = Release;
		};
		4334D7051C20C8DD00D2DCA6 /* Build configuration list for PBXNativeTarget "TopcoderTweetTicker" */ = {
			isa = XCConfigurationList;
			buildConfigurations = (
				4334D7061C20C8DD00D2DCA6 /* Debug */,
				4334D7071C20C8DD00D2DCA6 /* Release */,
			);
			defaultConfigurationIsVisible = 0;
			defaultConfigurationName = Release;
		};
		43551BF71C20CC8C00C74064 /* Build configuration list for PBXNativeTarget "TopcoderTweetTickerTests" */ = {
			isa = XCConfigurationList;
			buildConfigurations = (
				43551BF51C20CC8C00C74064 /* Debug */,
				43551BF61C20CC8C00C74064 /* Release */,
			);
			defaultConfigurationIsVisible = 0;
		};
/* End XCConfigurationList section */
	};
	rootObject = 4334D6EB1C20C8DD00D2DCA6 /* Project object */;
}
